// !$*UTF8*$!
{
	archiveVersion = 1;
	classes = {
	};
	objectVersion = 48;
	objects = {

/* Begin PBXBuildFile section */
		A3DECF8A1F8E51D20036B173 /* AppDelegate.swift in Sources */ = {isa = PBXBuildFile; fileRef = A3DECF891F8E51D20036B173 /* AppDelegate.swift */; };
		A3DECF8C1F8E51D20036B173 /* ViewController.swift in Sources */ = {isa = PBXBuildFile; fileRef = A3DECF8B1F8E51D20036B173 /* ViewController.swift */; };
		A3DECF8F1F8E51D20036B173 /* Main.storyboard in Resources */ = {isa = PBXBuildFile; fileRef = A3DECF8D1F8E51D20036B173 /* Main.storyboard */; };
		A3DECF911F8E51D20036B173 /* Assets.xcassets in Resources */ = {isa = PBXBuildFile; fileRef = A3DECF901F8E51D20036B173 /* Assets.xcassets */; };
		A3DECF941F8E51D20036B173 /* LaunchScreen.storyboard in Resources */ = {isa = PBXBuildFile; fileRef = A3DECF921F8E51D20036B173 /* LaunchScreen.storyboard */; };
		A3DECF9F1F8E51D30036B173 /* V_Labs_TestTests.swift in Sources */ = {isa = PBXBuildFile; fileRef = A3DECF9E1F8E51D30036B173 /* V_Labs_TestTests.swift */; };
/* End PBXBuildFile section */

/* Begin PBXContainerItemProxy section */
		A3DECF9B1F8E51D30036B173 /* PBXContainerItemProxy */ = {
			isa = PBXContainerItemProxy;
			containerPortal = A3DECF7E1F8E51D20036B173 /* Project object */;
			proxyType = 1;
			remoteGlobalIDString = A3DECF851F8E51D20036B173;
			remoteInfo = "V-Labs-Test";
		};
/* End PBXContainerItemProxy section */

/* Begin PBXFileReference section */
		A3DECF861F8E51D20036B173 /* V-Labs-Test.app */ = {isa = PBXFileReference; explicitFileType = wrapper.application; includeInIndex = 0; path = "V-Labs-Test.app"; sourceTree = BUILT_PRODUCTS_DIR; };
		A3DECF891F8E51D20036B173 /* AppDelegate.swift */ = {isa = PBXFileReference; lastKnownFileType = sourcecode.swift; path = AppDelegate.swift; sourceTree = "<group>"; };
		A3DECF8B1F8E51D20036B173 /* ViewController.swift */ = {isa = PBXFileReference; lastKnownFileType = sourcecode.swift; path = ViewController.swift; sourceTree = "<group>"; };
		A3DECF8E1F8E51D20036B173 /* Base */ = {isa = PBXFileReference; lastKnownFileType = file.storyboard; name = Base; path = Base.lproj/Main.storyboard; sourceTree = "<group>"; };
		A3DECF901F8E51D20036B173 /* Assets.xcassets */ = {isa = PBXFileReference; lastKnownFileType = folder.assetcatalog; path = Assets.xcassets; sourceTree = "<group>"; };
		A3DECF931F8E51D20036B173 /* Base */ = {isa = PBXFileReference; lastKnownFileType = file.storyboard; name = Base; path = Base.lproj/LaunchScreen.storyboard; sourceTree = "<group>"; };
		A3DECF951F8E51D20036B173 /* Info.plist */ = {isa = PBXFileReference; lastKnownFileType = text.plist.xml; path = Info.plist; sourceTree = "<group>"; };
		A3DECF9A1F8E51D30036B173 /* V-Labs-TestTests.xctest */ = {isa = PBXFileReference; explicitFileType = wrapper.cfbundle; includeInIndex = 0; path = "V-Labs-TestTests.xctest"; sourceTree = BUILT_PRODUCTS_DIR; };
		A3DECF9E1F8E51D30036B173 /* V_Labs_TestTests.swift */ = {isa = PBXFileReference; lastKnownFileType = sourcecode.swift; path = V_Labs_TestTests.swift; sourceTree = "<group>"; };
		A3DECFA01F8E51D30036B173 /* Info.plist */ = {isa = PBXFileReference; lastKnownFileType = text.plist.xml; path = Info.plist; sourceTree = "<group>"; };
/* End PBXFileReference section */

/* Begin PBXFrameworksBuildPhase section */
		A3DECF831F8E51D20036B173 /* Frameworks */ = {
			isa = PBXFrameworksBuildPhase;
			buildActionMask = 2147483647;
			files = (
			);
			runOnlyForDeploymentPostprocessing = 0;
		};
		A3DECF971F8E51D30036B173 /* Frameworks */ = {
			isa = PBXFrameworksBuildPhase;
			buildActionMask = 2147483647;
			files = (
			);
			runOnlyForDeploymentPostprocessing = 0;
		};
/* End PBXFrameworksBuildPhase section */

/* Begin PBXGroup section */
		A3DECF7D1F8E51D20036B173 = {
			isa = PBXGroup;
			children = (
				A3DECF881F8E51D20036B173 /* V-Labs-Test */,
				A3DECF9D1F8E51D30036B173 /* V-Labs-TestTests */,
				A3DECF871F8E51D20036B173 /* Products */,
			);
			sourceTree = "<group>";
		};
		A3DECF871F8E51D20036B173 /* Products */ = {
			isa = PBXGroup;
			children = (
				A3DECF861F8E51D20036B173 /* V-Labs-Test.app */,
				A3DECF9A1F8E51D30036B173 /* V-Labs-TestTests.xctest */,
			);
			name = Products;
			sourceTree = "<group>";
		};
		A3DECF881F8E51D20036B173 /* V-Labs-Test */ = {
			isa = PBXGroup;
			children = (
				A3DECF891F8E51D20036B173 /* AppDelegate.swift */,
				A3DECF8B1F8E51D20036B173 /* ViewController.swift */,
				A3DECF8D1F8E51D20036B173 /* Main.storyboard */,
				A3DECF901F8E51D20036B173 /* Assets.xcassets */,
				A3DECF921F8E51D20036B173 /* LaunchScreen.storyboard */,
				A3DECF951F8E51D20036B173 /* Info.plist */,
			);
			path = "V-Labs-Test";
			sourceTree = "<group>";
		};
		A3DECF9D1F8E51D30036B173 /* V-Labs-TestTests */ = {
			isa = PBXGroup;
			children = (
				A3DECF9E1F8E51D30036B173 /* V_Labs_TestTests.swift */,
				A3DECFA01F8E51D30036B173 /* Info.plist */,
			);
			path = "V-Labs-TestTests";
			sourceTree = "<group>";
		};
/* End PBXGroup section */

/* Begin PBXNativeTarget section */
		A3DECF851F8E51D20036B173 /* V-Labs-Test */ = {
			isa = PBXNativeTarget;
			buildConfigurationList = A3DECFA31F8E51D30036B173 /* Build configuration list for PBXNativeTarget "V-Labs-Test" */;
			buildPhases = (
				A3DECF821F8E51D20036B173 /* Sources */,
				A3DECF831F8E51D20036B173 /* Frameworks */,
				A3DECF841F8E51D20036B173 /* Resources */,
			);
			buildRules = (
			);
			dependencies = (
			);
			name = "V-Labs-Test";
			productName = "V-Labs-Test";
			productReference = A3DECF861F8E51D20036B173 /* V-Labs-Test.app */;
			productType = "com.apple.product-type.application";
		};
		A3DECF991F8E51D30036B173 /* V-Labs-TestTests */ = {
			isa = PBXNativeTarget;
			buildConfigurationList = A3DECFA61F8E51D30036B173 /* Build configuration list for PBXNativeTarget "V-Labs-TestTests" */;
			buildPhases = (
				A3DECF961F8E51D30036B173 /* Sources */,
				A3DECF971F8E51D30036B173 /* Frameworks */,
				A3DECF981F8E51D30036B173 /* Resources */,
			);
			buildRules = (
			);
			dependencies = (
				A3DECF9C1F8E51D30036B173 /* PBXTargetDependency */,
			);
			name = "V-Labs-TestTests";
			productName = "V-Labs-TestTests";
			productReference = A3DECF9A1F8E51D30036B173 /* V-Labs-TestTests.xctest */;
			productType = "com.apple.product-type.bundle.unit-test";
		};
/* End PBXNativeTarget section */

/* Begin PBXProject section */
		A3DECF7E1F8E51D20036B173 /* Project object */ = {
			isa = PBXProject;
			attributes = {
				LastSwiftUpdateCheck = 0900;
				LastUpgradeCheck = 0900;
				ORGANIZATIONNAME = "v-Labs";
				TargetAttributes = {
					A3DECF851F8E51D20036B173 = {
						CreatedOnToolsVersion = 9.0;
						ProvisioningStyle = Automatic;
					};
					A3DECF991F8E51D30036B173 = {
						CreatedOnToolsVersion = 9.0;
						ProvisioningStyle = Automatic;
						TestTargetID = A3DECF851F8E51D20036B173;
					};
				};
			};
			buildConfigurationList = A3DECF811F8E51D20036B173 /* Build configuration list for PBXProject "V-Labs-Test" */;
			compatibilityVersion = "Xcode 8.0";
			developmentRegion = en;
			hasScannedForEncodings = 0;
			knownRegions = (
				en,
				Base,
			);
			mainGroup = A3DECF7D1F8E51D20036B173;
			productRefGroup = A3DECF871F8E51D20036B173 /* Products */;
			projectDirPath = "";
			projectRoot = "";
			targets = (
				A3DECF851F8E51D20036B173 /* V-Labs-Test */,
				A3DECF991F8E51D30036B173 /* V-Labs-TestTests */,
			);
		};
/* End PBXProject section */

/* Begin PBXResourcesBuildPhase section */
		A3DECF841F8E51D20036B173 /* Resources */ = {
			isa = PBXResourcesBuildPhase;
			buildActionMask = 2147483647;
			files = (
				A3DECF941F8E51D20036B173 /* LaunchScreen.storyboard in Resources */,
				A3DECF911F8E51D20036B173 /* Assets.xcassets in Resources */,
				A3DECF8F1F8E51D20036B173 /* Main.storyboard in Resources */,
			);
			runOnlyForDeploymentPostprocessing = 0;
		};
		A3DECF981F8E51D30036B173 /* Resources */ = {
			isa = PBXResourcesBuildPhase;
			buildActionMask = 2147483647;
			files = (
			);
			runOnlyForDeploymentPostprocessing = 0;
		};
/* End PBXResourcesBuildPhase section */

/* Begin PBXSourcesBuildPhase section */
		A3DECF821F8E51D20036B173 /* Sources */ = {
			isa = PBXSourcesBuildPhase;
			buildActionMask = 2147483647;
			files = (
				A3DECF8C1F8E51D20036B173 /* ViewController.swift in Sources */,
				A3DECF8A1F8E51D20036B173 /* AppDelegate.swift in Sources */,
			);
			runOnlyForDeploymentPostprocessing = 0;
		};
		A3DECF961F8E51D30036B173 /* Sources */ = {
			isa = PBXSourcesBuildPhase;
			buildActionMask = 2147483647;
			files = (
				A3DECF9F1F8E51D30036B173 /* V_Labs_TestTests.swift in Sources */,
			);
			runOnlyForDeploymentPostprocessing = 0;
		};
/* End PBXSourcesBuildPhase section */

/* Begin PBXTargetDependency section */
		A3DECF9C1F8E51D30036B173 /* PBXTargetDependency */ = {
			isa = PBXTargetDependency;
			target = A3DECF851F8E51D20036B173 /* V-Labs-Test */;
			targetProxy = A3DECF9B1F8E51D30036B173 /* PBXContainerItemProxy */;
		};
/* End PBXTargetDependency section */

/* Begin PBXVariantGroup section */
		A3DECF8D1F8E51D20036B173 /* Main.storyboard */ = {
			isa = PBXVariantGroup;
			children = (
				A3DECF8E1F8E51D20036B173 /* Base */,
			);
			name = Main.storyboard;
			sourceTree = "<group>";
		};
		A3DECF921F8E51D20036B173 /* LaunchScreen.storyboard */ = {
			isa = PBXVariantGroup;
			children = (
				A3DECF931F8E51D20036B173 /* Base */,
			);
			name = LaunchScreen.storyboard;
			sourceTree = "<group>";
		};
/* End PBXVariantGroup section */

/* Begin XCBuildConfiguration section */
		A3DECFA11F8E51D30036B173 /* Debug */ = {
			isa = XCBuildConfiguration;
			buildSettings = {
				ALWAYS_SEARCH_USER_PATHS = NO;
				CLANG_ANALYZER_NONNULL = YES;
				CLANG_ANALYZER_NUMBER_OBJECT_CONVERSION = YES_AGGRESSIVE;
				CLANG_CXX_LANGUAGE_STANDARD = "gnu++14";
				CLANG_CXX_LIBRARY = "libc++";
				CLANG_ENABLE_MODULES = YES;
				CLANG_ENABLE_OBJC_ARC = YES;
				CLANG_WARN_BLOCK_CAPTURE_AUTORELEASING = YES;
				CLANG_WARN_BOOL_CONVERSION = YES;
				CLANG_WARN_COMMA = YES;
				CLANG_WARN_CONSTANT_CONVERSION = YES;
				CLANG_WARN_DIRECT_OBJC_ISA_USAGE = YES_ERROR;
				CLANG_WARN_DOCUMENTATION_COMMENTS = YES;
				CLANG_WARN_EMPTY_BODY = YES;
				CLANG_WARN_ENUM_CONVERSION = YES;
				CLANG_WARN_INFINITE_RECURSION = YES;
				CLANG_WARN_INT_CONVERSION = YES;
				CLANG_WARN_NON_LITERAL_NULL_CONVERSION = YES;
				CLANG_WARN_OBJC_LITERAL_CONVERSION = YES;
				CLANG_WARN_OBJC_ROOT_CLASS = YES_ERROR;
				CLANG_WARN_RANGE_LOOP_ANALYSIS = YES;
				CLANG_WARN_STRICT_PROTOTYPES = YES;
				CLANG_WARN_SUSPICIOUS_MOVE = YES;
				CLANG_WARN_UNGUARDED_AVAILABILITY = YES_AGGRESSIVE;
				CLANG_WARN_UNREACHABLE_CODE = YES;
				CLANG_WARN__DUPLICATE_METHOD_MATCH = YES;
				CODE_SIGN_IDENTITY = "iPhone Developer";
				COPY_PHASE_STRIP = NO;
				DEBUG_INFORMATION_FORMAT = dwarf;
				ENABLE_STRICT_OBJC_MSGSEND = YES;
				ENABLE_TESTABILITY = YES;
				GCC_C_LANGUAGE_STANDARD = gnu11;
				GCC_DYNAMIC_NO_PIC = NO;
				GCC_NO_COMMON_BLOCKS = YES;
				GCC_OPTIMIZATION_LEVEL = 0;
				GCC_PREPROCESSOR_DEFINITIONS = (
					"DEBUG=1",
					"$(inherited)",
				);
				GCC_WARN_64_TO_32_BIT_CONVERSION = YES;
				GCC_WARN_ABOUT_RETURN_TYPE = YES_ERROR;
				GCC_WARN_UNDECLARED_SELECTOR = YES;
				GCC_WARN_UNINITIALIZED_AUTOS = YES_AGGRESSIVE;
				GCC_WARN_UNUSED_FUNCTION = YES;
				GCC_WARN_UNUSED_VARIABLE = YES;
				IPHONEOS_DEPLOYMENT_TARGET = 11.0;
				MTL_ENABLE_DEBUG_INFO = YES;
				ONLY_ACTIVE_ARCH = YES;
				SDKROOT = iphoneos;
				SWIFT_ACTIVE_COMPILATION_CONDITIONS = DEBUG;
				SWIFT_OPTIMIZATION_LEVEL = "-Onone";
			};
			name = Debug;
		};
		A3DECFA21F8E51D30036B173 /* Release */ = {
			isa = XCBuildConfiguration;
			buildSettings = {
				ALWAYS_SEARCH_USER_PATHS = NO;
				CLANG_ANALYZER_NONNULL = YES;
				CLANG_ANALYZER_NUMBER_OBJECT_CONVERSION = YES_AGGRESSIVE;
				CLANG_CXX_LANGUAGE_STANDARD = "gnu++14";
				CLANG_CXX_LIBRARY = "libc++";
				CLANG_ENABLE_MODULES = YES;
				CLANG_ENABLE_OBJC_ARC = YES;
				CLANG_WARN_BLOCK_CAPTURE_AUTORELEASING = YES;
				CLANG_WARN_BOOL_CONVERSION = YES;
				CLANG_WARN_COMMA = YES;
				CLANG_WARN_CONSTANT_CONVERSION = YES;
				CLANG_WARN_DIRECT_OBJC_ISA_USAGE = YES_ERROR;
				CLANG_WARN_DOCUMENTATION_COMMENTS = YES;
				CLANG_WARN_EMPTY_BODY = YES;
				CLANG_WARN_ENUM_CONVERSION = YES;
				CLANG_WARN_INFINITE_RECURSION = YES;
				CLANG_WARN_INT_CONVERSION = YES;
				CLANG_WARN_NON_LITERAL_NULL_CONVERSION = YES;
				CLANG_WARN_OBJC_LITERAL_CONVERSION = YES;
				CLANG_WARN_OBJC_ROOT_CLASS = YES_ERROR;
				CLANG_WARN_RANGE_LOOP_ANALYSIS = YES;
				CLANG_WARN_STRICT_PROTOTYPES = YES;
				CLANG_WARN_SUSPICIOUS_MOVE = YES;
				CLANG_WARN_UNGUARDED_AVAILABILITY = YES_AGGRESSIVE;
				CLANG_WARN_UNREACHABLE_CODE = YES;
				CLANG_WARN__DUPLICATE_METHOD_MATCH = YES;
				CODE_SIGN_IDENTITY = "iPhone Developer";
				COPY_PHASE_STRIP = NO;
				DEBUG_INFORMATION_FORMAT = "dwarf-with-dsym";
				ENABLE_NS_ASSERTIONS = NO;
				ENABLE_STRICT_OBJC_MSGSEND = YES;
				GCC_C_LANGUAGE_STANDARD = gnu11;
				GCC_NO_COMMON_BLOCKS = YES;
				GCC_WARN_64_TO_32_BIT_CONVERSION = YES;
				GCC_WARN_ABOUT_RETURN_TYPE = YES_ERROR;
				GCC_WARN_UNDECLARED_SELECTOR = YES;
				GCC_WARN_UNINITIALIZED_AUTOS = YES_AGGRESSIVE;
				GCC_WARN_UNUSED_FUNCTION = YES;
				GCC_WARN_UNUSED_VARIABLE = YES;
				IPHONEOS_DEPLOYMENT_TARGET = 11.0;
				MTL_ENABLE_DEBUG_INFO = NO;
				SDKROOT = iphoneos;
				SWIFT_OPTIMIZATION_LEVEL = "-Owholemodule";
				VALIDATE_PRODUCT = YES;
			};
			name = Release;
		};
		A3DECFA41F8E51D30036B173 /* Debug */ = {
			isa = XCBuildConfiguration;
			buildSettings = {
				ASSETCATALOG_COMPILER_APPICON_NAME = AppIcon;
				CODE_SIGN_STYLE = Automatic;
				DEVELOPMENT_TEAM = K47XFPHWTJ;
				INFOPLIST_FILE = "V-Labs-Test/Info.plist";
				LD_RUNPATH_SEARCH_PATHS = "$(inherited) @executable_path/Frameworks";
				PRODUCT_BUNDLE_IDENTIFIER = "demo.V-Labs-Test";
				PRODUCT_NAME = "$(TARGET_NAME)";
				SWIFT_VERSION = 4.0;
				TARGETED_DEVICE_FAMILY = "1,2";
			};
			name = Debug;
		};
		A3DECFA51F8E51D30036B173 /* Release */ = {
			isa = XCBuildConfiguration;
			buildSettings = {
				ASSETCATALOG_COMPILER_APPICON_NAME = AppIcon;
				CODE_SIGN_STYLE = Automatic;
				DEVELOPMENT_TEAM = K47XFPHWTJ;
				INFOPLIST_FILE = "V-Labs-Test/Info.plist";
				LD_RUNPATH_SEARCH_PATHS = "$(inherited) @executable_path/Frameworks";
				PRODUCT_BUNDLE_IDENTIFIER = "demo.V-Labs-Test";
				PRODUCT_NAME = "$(TARGET_NAME)";
				SWIFT_VERSION = 4.0;
				TARGETED_DEVICE_FAMILY = "1,2";
			};
			name = Release;
		};
		A3DECFA71F8E51D30036B173 /* Debug */ = {
			isa = XCBuildConfiguration;
			buildSettings = {
				ALWAYS_EMBED_SWIFT_STANDARD_LIBRARIES = YES;
				BUNDLE_LOADER = "$(TEST_HOST)";
				CODE_SIGN_STYLE = Automatic;
				DEVELOPMENT_TEAM = K47XFPHWTJ;
				INFOPLIST_FILE = "V-Labs-TestTests/Info.plist";
				LD_RUNPATH_SEARCH_PATHS = "$(inherited) @executable_path/Frameworks @loader_path/Frameworks";
				PRODUCT_BUNDLE_IDENTIFIER = "demo.V-Labs-TestTests";
				PRODUCT_NAME = "$(TARGET_NAME)";
				SWIFT_VERSION = 4.0;
				TARGETED_DEVICE_FAMILY = "1,2";
				TEST_HOST = "$(BUILT_PRODUCTS_DIR)/V-Labs-Test.app/V-Labs-Test";
			};
			name = Debug;
		};
		A3DECFA81F8E51D30036B173 /* Release */ = {
			isa = XCBuildConfiguration;
			buildSettings = {
				ALWAYS_EMBED_SWIFT_STANDARD_LIBRARIES = YES;
				BUNDLE_LOADER = "$(TEST_HOST)";
				CODE_SIGN_STYLE = Automatic;
				DEVELOPMENT_TEAM = K47XFPHWTJ;
				INFOPLIST_FILE = "V-Labs-TestTests/Info.plist";
				LD_RUNPATH_SEARCH_PATHS = "$(inherited) @executable_path/Frameworks @loader_path/Frameworks";
				PRODUCT_BUNDLE_IDENTIFIER = "demo.V-Labs-TestTests";
				PRODUCT_NAME = "$(TARGET_NAME)";
				SWIFT_VERSION = 4.0;
				TARGETED_DEVICE_FAMILY = "1,2";
				TEST_HOST = "$(BUILT_PRODUCTS_DIR)/V-Labs-Test.app/V-Labs-Test";
			};
			name = Release;
		};
/* End XCBuildConfiguration section */

/* Begin XCConfigurationList section */
		A3DECF811F8E51D20036B173 /* Build configuration list for PBXProject "V-Labs-Test" */ = {
			isa = XCConfigurationList;
			buildConfigurations = (
				A3DECFA11F8E51D30036B173 /* Debug */,
				A3DECFA21F8E51D30036B173 /* Release */,
			);
			defaultConfigurationIsVisible = 0;
			defaultConfigurationName = Release;
		};
		A3DECFA31F8E51D30036B173 /* Build configuration list for PBXNativeTarget "V-Labs-Test" */ = {
			isa = XCConfigurationList;
			buildConfigurations = (
				A3DECFA41F8E51D30036B173 /* Debug */,
				A3DECFA51F8E51D30036B173 /* Release */,
			);
			defaultConfigurationIsVisible = 0;
			defaultConfigurationName = Release;
		};
		A3DECFA61F8E51D30036B173 /* Build configuration list for PBXNativeTarget "V-Labs-TestTests" */ = {
			isa = XCConfigurationList;
			buildConfigurations = (
				A3DECFA71F8E51D30036B173 /* Debug */,
				A3DECFA81F8E51D30036B173 /* Release */,
			);
			defaultConfigurationIsVisible = 0;
			defaultConfigurationName = Release;
		};
/* End XCConfigurationList section */
	};
	rootObject = A3DECF7E1F8E51D20036B173 /* Project object */;
}
